// !$*UTF8*$!
{
	archiveVersion = 1;
	classes = {
	};
	objectVersion = 50;
	objects = {

/* Begin PBXBuildFile section */
		1E518059242A90920064506F /* AppDelegate.swift in Sources */ = {isa = PBXBuildFile; fileRef = 1E518058242A90920064506F /* AppDelegate.swift */; };
		1E51805B242A90920064506F /* SceneDelegate.swift in Sources */ = {isa = PBXBuildFile; fileRef = 1E51805A242A90920064506F /* SceneDelegate.swift */; };
		1E518060242A90920064506F /* Main.storyboard in Resources */ = {isa = PBXBuildFile; fileRef = 1E51805E242A90920064506F /* Main.storyboard */; };
		1E518062242A90960064506F /* Assets.xcassets in Resources */ = {isa = PBXBuildFile; fileRef = 1E518061242A90960064506F /* Assets.xcassets */; };
		1E518065242A90960064506F /* LaunchScreen.storyboard in Resources */ = {isa = PBXBuildFile; fileRef = 1E518063242A90960064506F /* LaunchScreen.storyboard */; };
		1E51806D242A995C0064506F /* ListViewController.swift in Sources */ = {isa = PBXBuildFile; fileRef = 1E51806C242A995C0064506F /* ListViewController.swift */; };
		1E51806F242A9C150064506F /* ListTableViewCell.swift in Sources */ = {isa = PBXBuildFile; fileRef = 1E51806E242A9C150064506F /* ListTableViewCell.swift */; };
		1E518071242A9DA30064506F /* Note.swift in Sources */ = {isa = PBXBuildFile; fileRef = 1E518070242A9DA30064506F /* Note.swift */; };
/* End PBXBuildFile section */

/* Begin PBXFileReference section */
		1E518055242A90920064506F /* iPadMultipleScreens.app */ = {isa = PBXFileReference; explicitFileType = wrapper.application; includeInIndex = 0; path = iPadMultipleScreens.app; sourceTree = BUILT_PRODUCTS_DIR; };
		1E518058242A90920064506F /* AppDelegate.swift */ = {isa = PBXFileReference; lastKnownFileType = sourcecode.swift; path = AppDelegate.swift; sourceTree = "<group>"; };
		1E51805A242A90920064506F /* SceneDelegate.swift */ = {isa = PBXFileReference; lastKnownFileType = sourcecode.swift; path = SceneDelegate.swift; sourceTree = "<group>"; };
		1E51805F242A90920064506F /* Base */ = {isa = PBXFileReference; lastKnownFileType = file.storyboard; name = Base; path = Base.lproj/Main.storyboard; sourceTree = "<group>"; };
		1E518061242A90960064506F /* Assets.xcassets */ = {isa = PBXFileReference; lastKnownFileType = folder.assetcatalog; path = Assets.xcassets; sourceTree = "<group>"; };
		1E518064242A90960064506F /* Base */ = {isa = PBXFileReference; lastKnownFileType = file.storyboard; name = Base; path = Base.lproj/LaunchScreen.storyboard; sourceTree = "<group>"; };
		1E518066242A90960064506F /* Info.plist */ = {isa = PBXFileReference; lastKnownFileType = text.plist.xml; path = Info.plist; sourceTree = "<group>"; };
		1E51806C242A995C0064506F /* ListViewController.swift */ = {isa = PBXFileReference; lastKnownFileType = sourcecode.swift; path = ListViewController.swift; sourceTree = "<group>"; };
		1E51806E242A9C150064506F /* ListTableViewCell.swift */ = {isa = PBXFileReference; lastKnownFileType = sourcecode.swift; path = ListTableViewCell.swift; sourceTree = "<group>"; };
		1E518070242A9DA30064506F /* Note.swift */ = {isa = PBXFileReference; lastKnownFileType = sourcecode.swift; path = Note.swift; sourceTree = "<group>"; };
/* End PBXFileReference section */

/* Begin PBXFrameworksBuildPhase section */
		1E518052242A90920064506F /* Frameworks */ = {
			isa = PBXFrameworksBuildPhase;
			buildActionMask = 2147483647;
			files = (
			);
			runOnlyForDeploymentPostprocessing = 0;
		};
/* End PBXFrameworksBuildPhase section */

/* Begin PBXGroup section */
		1E51804C242A90920064506F = {
			isa = PBXGroup;
			children = (
				1E518057242A90920064506F /* iPadMultipleScreens */,
				1E518056242A90920064506F /* Products */,
			);
			sourceTree = "<group>";
		};
		1E518056242A90920064506F /* Products */ = {
			isa = PBXGroup;
			children = (
				1E518055242A90920064506F /* iPadMultipleScreens.app */,
			);
			name = Products;
			sourceTree = "<group>";
		};
		1E518057242A90920064506F /* iPadMultipleScreens */ = {
			isa = PBXGroup;
			children = (
				1E518072242A9E6C0064506F /* Model */,
				1E518073242A9E750064506F /* View */,
				1E518074242A9E7D0064506F /* Controller */,
				1E518058242A90920064506F /* AppDelegate.swift */,
				1E518061242A90960064506F /* Assets.xcassets */,
				1E518066242A90960064506F /* Info.plist */,
			);
			path = iPadMultipleScreens;
			sourceTree = "<group>";
		};
		1E518072242A9E6C0064506F /* Model */ = {
			isa = PBXGroup;
			children = (
				1E51805A242A90920064506F /* SceneDelegate.swift */,
				1E518070242A9DA30064506F /* Note.swift */,
			);
			path = Model;
			sourceTree = "<group>";
		};
		1E518073242A9E750064506F /* View */ = {
			isa = PBXGroup;
			children = (
				1E51805E242A90920064506F /* Main.storyboard */,
				1E518063242A90960064506F /* LaunchScreen.storyboard */,
				1E51806E242A9C150064506F /* ListTableViewCell.swift */,
			);
			path = View;
			sourceTree = "<group>";
		};
		1E518074242A9E7D0064506F /* Controller */ = {
			isa = PBXGroup;
			children = (
				1E51806C242A995C0064506F /* ListViewController.swift */,
			);
			path = Controller;
			sourceTree = "<group>";
		};
/* End PBXGroup section */

/* Begin PBXNativeTarget section */
		1E518054242A90920064506F /* iPadMultipleScreens */ = {
			isa = PBXNativeTarget;
			buildConfigurationList = 1E518069242A90960064506F /* Build configuration list for PBXNativeTarget "iPadMultipleScreens" */;
			buildPhases = (
				1E518051242A90920064506F /* Sources */,
				1E518052242A90920064506F /* Frameworks */,
				1E518053242A90920064506F /* Resources */,
			);
			buildRules = (
			);
			dependencies = (
			);
			name = iPadMultipleScreens;
			productName = iPadMultipleScreens;
			productReference = 1E518055242A90920064506F /* iPadMultipleScreens.app */;
			productType = "com.apple.product-type.application";
		};
/* End PBXNativeTarget section */

/* Begin PBXProject section */
		1E51804D242A90920064506F /* Project object */ = {
			isa = PBXProject;
			attributes = {
				LastSwiftUpdateCheck = 1130;
				LastUpgradeCheck = 1130;
				ORGANIZATIONNAME = "Paula Leite";
				TargetAttributes = {
					1E518054242A90920064506F = {
						CreatedOnToolsVersion = 11.3.1;
					};
				};
			};
			buildConfigurationList = 1E518050242A90920064506F /* Build configuration list for PBXProject "iPadMultipleScreens" */;
			compatibilityVersion = "Xcode 9.3";
			developmentRegion = en;
			hasScannedForEncodings = 0;
			knownRegions = (
				en,
				Base,
			);
			mainGroup = 1E51804C242A90920064506F;
			productRefGroup = 1E518056242A90920064506F /* Products */;
			projectDirPath = "";
			projectRoot = "";
			targets = (
				1E518054242A90920064506F /* iPadMultipleScreens */,
			);
		};
/* End PBXProject section */

/* Begin PBXResourcesBuildPhase section */
		1E518053242A90920064506F /* Resources */ = {
			isa = PBXResourcesBuildPhase;
			buildActionMask = 2147483647;
			files = (
				1E518065242A90960064506F /* LaunchScreen.storyboard in Resources */,
				1E518062242A90960064506F /* Assets.xcassets in Resources */,
				1E518060242A90920064506F /* Main.storyboard in Resources */,
			);
			runOnlyForDeploymentPostprocessing = 0;
		};
/* End PBXResourcesBuildPhase section */

/* Begin PBXSourcesBuildPhase section */
		1E518051242A90920064506F /* Sources */ = {
			isa = PBXSourcesBuildPhase;
			buildActionMask = 2147483647;
			files = (
				1E518059242A90920064506F /* AppDelegate.swift in Sources */,
				1E51806F242A9C150064506F /* ListTableViewCell.swift in Sources */,
				1E51805B242A90920064506F /* SceneDelegate.swift in Sources */,
				1E518071242A9DA30064506F /* Note.swift in Sources */,
				1E51806D242A995C0064506F /* ListViewController.swift in Sources */,
			);
			runOnlyForDeploymentPostprocessing = 0;
		};
/* End PBXSourcesBuildPhase section */

/* Begin PBXVariantGroup section */
		1E51805E242A90920064506F /* Main.storyboard */ = {
			isa = PBXVariantGroup;
			children = (
				1E51805F242A90920064506F /* Base */,
			);
			name = Main.storyboard;
			sourceTree = "<group>";
		};
		1E518063242A90960064506F /* LaunchScreen.storyboard */ = {
			isa = PBXVariantGroup;
			children = (
				1E518064242A90960064506F /* Base */,
			);
			name = LaunchScreen.storyboard;
			sourceTree = "<group>";
		};
/* End PBXVariantGroup section */

/* Begin XCBuildConfiguration section */
		1E518067242A90960064506F /* Debug */ = {
			isa = XCBuildConfiguration;
			buildSettings = {
				ALWAYS_SEARCH_USER_PATHS = NO;
				CLANG_ANALYZER_NONNULL = YES;
				CLANG_ANALYZER_NUMBER_OBJECT_CONVERSION = YES_AGGRESSIVE;
				CLANG_CXX_LANGUAGE_STANDARD = "gnu++14";
				CLANG_CXX_LIBRARY = "libc++";
				CLANG_ENABLE_MODULES = YES;
				CLANG_ENABLE_OBJC_ARC = YES;
				CLANG_ENABLE_OBJC_WEAK = YES;
				CLANG_WARN_BLOCK_CAPTURE_AUTORELEASING = YES;
				CLANG_WARN_BOOL_CONVERSION = YES;
				CLANG_WARN_COMMA = YES;
				CLANG_WARN_CONSTANT_CONVERSION = YES;
				CLANG_WARN_DEPRECATED_OBJC_IMPLEMENTATIONS = YES;
				CLANG_WARN_DIRECT_OBJC_ISA_USAGE = YES_ERROR;
				CLANG_WARN_DOCUMENTATION_COMMENTS = YES;
				CLANG_WARN_EMPTY_BODY = YES;
				CLANG_WARN_ENUM_CONVERSION = YES;
				CLANG_WARN_INFINITE_RECURSION = YES;
				CLANG_WARN_INT_CONVERSION = YES;
				CLANG_WARN_NON_LITERAL_NULL_CONVERSION = YES;
				CLANG_WARN_OBJC_IMPLICIT_RETAIN_SELF = YES;
				CLANG_WARN_OBJC_LITERAL_CONVERSION = YES;
				CLANG_WARN_OBJC_ROOT_CLASS = YES_ERROR;
				CLANG_WARN_RANGE_LOOP_ANALYSIS = YES;
				CLANG_WARN_STRICT_PROTOTYPES = YES;
				CLANG_WARN_SUSPICIOUS_MOVE = YES;
				CLANG_WARN_UNGUARDED_AVAILABILITY = YES_AGGRESSIVE;
				CLANG_WARN_UNREACHABLE_CODE = YES;
				CLANG_WARN__DUPLICATE_METHOD_MATCH = YES;
				COPY_PHASE_STRIP = NO;
				DEBUG_INFORMATION_FORMAT = dwarf;
				ENABLE_STRICT_OBJC_MSGSEND = YES;
				ENABLE_TESTABILITY = YES;
				GCC_C_LANGUAGE_STANDARD = gnu11;
				GCC_DYNAMIC_NO_PIC = NO;
				GCC_NO_COMMON_BLOCKS = YES;
				GCC_OPTIMIZATION_LEVEL = 0;
				GCC_PREPROCESSOR_DEFINITIONS = (
					"DEBUG=1",
					"$(inherited)",
				);
				GCC_WARN_64_TO_32_BIT_CONVERSION = YES;
				GCC_WARN_ABOUT_RETURN_TYPE = YES_ERROR;
				GCC_WARN_UNDECLARED_SELECTOR = YES;
				GCC_WARN_UNINITIALIZED_AUTOS = YES_AGGRESSIVE;
				GCC_WARN_UNUSED_FUNCTION = YES;
				GCC_WARN_UNUSED_VARIABLE = YES;
				IPHONEOS_DEPLOYMENT_TARGET = 13.2;
				MTL_ENABLE_DEBUG_INFO = INCLUDE_SOURCE;
				MTL_FAST_MATH = YES;
				ONLY_ACTIVE_ARCH = YES;
				SDKROOT = iphoneos;
				SWIFT_ACTIVE_COMPILATION_CONDITIONS = DEBUG;
				SWIFT_OPTIMIZATION_LEVEL = "-Onone";
			};
			name = Debug;
		};
		1E518068242A90960064506F /* Release */ = {
			isa = XCBuildConfiguration;
			buildSettings = {
				ALWAYS_SEARCH_USER_PATHS = NO;
				CLANG_ANALYZER_NONNULL = YES;
				CLANG_ANALYZER_NUMBER_OBJECT_CONVERSION = YES_AGGRESSIVE;
				CLANG_CXX_LANGUAGE_STANDARD = "gnu++14";
				CLANG_CXX_LIBRARY = "libc++";
				CLANG_ENABLE_MODULES = YES;
				CLANG_ENABLE_OBJC_ARC = YES;
				CLANG_ENABLE_OBJC_WEAK = YES;
				CLANG_WARN_BLOCK_CAPTURE_AUTORELEASING = YES;
				CLANG_WARN_BOOL_CONVERSION = YES;
				CLANG_WARN_COMMA = YES;
				CLANG_WARN_CONSTANT_CONVERSION = YES;
				CLANG_WARN_DEPRECATED_OBJC_IMPLEMENTATIONS = YES;
				CLANG_WARN_DIRECT_OBJC_ISA_USAGE = YES_ERROR;
				CLANG_WARN_DOCUMENTATION_COMMENTS = YES;
				CLANG_WARN_EMPTY_BODY = YES;
				CLANG_WARN_ENUM_CONVERSION = YES;
				CLANG_WARN_INFINITE_RECURSION = YES;
				CLANG_WARN_INT_CONVERSION = YES;
				CLANG_WARN_NON_LITERAL_NULL_CONVERSION = YES;
				CLANG_WARN_OBJC_IMPLICIT_RETAIN_SELF = YES;
				CLANG_WARN_OBJC_LITERAL_CONVERSION = YES;
				CLANG_WARN_OBJC_ROOT_CLASS = YES_ERROR;
				CLANG_WARN_RANGE_LOOP_ANALYSIS = YES;
				CLANG_WARN_STRICT_PROTOTYPES = YES;
				CLANG_WARN_SUSPICIOUS_MOVE = YES;
				CLANG_WARN_UNGUARDED_AVAILABILITY = YES_AGGRESSIVE;
				CLANG_WARN_UNREACHABLE_CODE = YES;
				CLANG_WARN__DUPLICATE_METHOD_MATCH = YES;
				COPY_PHASE_STRIP = NO;
				DEBUG_INFORMATION_FORMAT = "dwarf-with-dsym";
				ENABLE_NS_ASSERTIONS = NO;
				ENABLE_STRICT_OBJC_MSGSEND = YES;
				GCC_C_LANGUAGE_STANDARD = gnu11;
				GCC_NO_COMMON_BLOCKS = YES;
				GCC_WARN_64_TO_32_BIT_CONVERSION = YES;
				GCC_WARN_ABOUT_RETURN_TYPE = YES_ERROR;
				GCC_WARN_UNDECLARED_SELECTOR = YES;
				GCC_WARN_UNINITIALIZED_AUTOS = YES_AGGRESSIVE;
				GCC_WARN_UNUSED_FUNCTION = YES;
				GCC_WARN_UNUSED_VARIABLE = YES;
				IPHONEOS_DEPLOYMENT_TARGET = 13.2;
				MTL_ENABLE_DEBUG_INFO = NO;
				MTL_FAST_MATH = YES;
				SDKROOT = iphoneos;
				SWIFT_COMPILATION_MODE = wholemodule;
				SWIFT_OPTIMIZATION_LEVEL = "-O";
				VALIDATE_PRODUCT = YES;
			};
			name = Release;
		};
		1E51806A242A90960064506F /* Debug */ = {
			isa = XCBuildConfiguration;
			buildSettings = {
				ASSETCATALOG_COMPILER_APPICON_NAME = AppIcon;
				CODE_SIGN_STYLE = Automatic;
				DEVELOPMENT_TEAM = X54K5PJVGU;
				INFOPLIST_FILE = iPadMultipleScreens/Info.plist;
				LD_RUNPATH_SEARCH_PATHS = (
					"$(inherited)",
					"@executable_path/Frameworks",
				);
				PRODUCT_BUNDLE_IDENTIFIER = ptl.iPadMultipleScreens;
				PRODUCT_NAME = "$(TARGET_NAME)";
				SWIFT_VERSION = 5.0;
				TARGETED_DEVICE_FAMILY = 2;
			};
			name = Debug;
		};
		1E51806B242A90960064506F /* Release */ = {
			isa = XCBuildConfiguration;
			buildSettings = {
				ASSETCATALOG_COMPILER_APPICON_NAME = AppIcon;
				CODE_SIGN_STYLE = Automatic;
				DEVELOPMENT_TEAM = X54K5PJVGU;
				INFOPLIST_FILE = iPadMultipleScreens/Info.plist;
				LD_RUNPATH_SEARCH_PATHS = (
					"$(inherited)",
					"@executable_path/Frameworks",
				);
				PRODUCT_BUNDLE_IDENTIFIER = ptl.iPadMultipleScreens;
				PRODUCT_NAME = "$(TARGET_NAME)";
				SWIFT_VERSION = 5.0;
				TARGETED_DEVICE_FAMILY = 2;
			};
			name = Release;
		};
/* End XCBuildConfiguration section */

/* Begin XCConfigurationList section */
		1E518050242A90920064506F /* Build configuration list for PBXProject "iPadMultipleScreens" */ = {
			isa = XCConfigurationList;
			buildConfigurations = (
				1E518067242A90960064506F /* Debug */,
				1E518068242A90960064506F /* Release */,
			);
			defaultConfigurationIsVisible = 0;
			defaultConfigurationName = Release;
		};
		1E518069242A90960064506F /* Build configuration list for PBXNativeTarget "iPadMultipleScreens" */ = {
			isa = XCConfigurationList;
			buildConfigurations = (
				1E51806A242A90960064506F /* Debug */,
				1E51806B242A90960064506F /* Release */,
			);
			defaultConfigurationIsVisible = 0;
			defaultConfigurationName = Release;
		};
/* End XCConfigurationList section */
	};
	rootObject = 1E51804D242A90920064506F /* Project object */;
}
